<?xml version="1.0" encoding="utf-8"?>
<Project ToolsVersion="4.0" xmlns="http://schemas.microsoft.com/developer/msbuild/2003">
  <ItemGroup>
    <Filter Include="源文件">
      <UniqueIdentifier>{4FC737F1-C7A5-4376-A066-2A32D752A2FF}</UniqueIdentifier>
      <Extensions>cpp;c;cc;cxx;c++;cppm;ixx;def;odl;idl;hpj;bat;asm;asmx</Extensions>
    </Filter>
    <Filter Include="头文件">
      <UniqueIdentifier>{93995380-89BD-4b04-88EB-625FBE52EBFB}</UniqueIdentifier>
      <Extensions>h;hh;hpp;hxx;h++;hm;inl;inc;ipp;xsd</Extensions>
    </Filter>
    <Filter Include="资源文件">
      <UniqueIdentifier>{67DA6AB6-F800-4c08-8B7A-83BB121AAD01}</UniqueIdentifier>
      <Extensions>rc;ico;cur;bmp;dlg;rc2;rct;bin;rgs;gif;jpg;jpeg;jpe;resx;tiff;tif;png;wav;mfcribbon-ms</Extensions>
    </Filter>
    <Filter Include="源文件\d3d9ex">
      <UniqueIdentifier>{4593e015-b111-4d9b-875a-7151ec614421}</UniqueIdentifier>
    </Filter>
    <Filter Include="源文件\d3d9">
      <UniqueIdentifier>{ee2b4574-c7bd-4d66-a6a6-c3698ba9dae0}</UniqueIdentifier>
    </Filter>
  </ItemGroup>
  <ItemGroup>
    <ClCompile Include="main.cpp">
      <Filter>源文件</Filter>
    </ClCompile>
    <ClCompile Include="d3d9ex\interface_ex.cpp">
      <Filter>源文件\d3d9ex</Filter>
    </ClCompile>
    <ClCompile Include="d3d9ex\device_ex.cpp">
      <Filter>源文件\d3d9ex</Filter>
    </ClCompile>
    <ClCompile Include="d3d9\interface.cpp">
      <Filter>源文件\d3d9</Filter>
    </ClCompile>
    <ClCompile Include="d3d9\device.cpp">
      <Filter>源文件\d3d9</Filter>
    </ClCompile>
    <ClCompile Include="d3d9\swapchain_ex.cpp">
      <Filter>源文件\d3d9ex</Filter>
    </ClCompile>
  </ItemGroup>
  <ItemGroup>
    <None Include="exports.def">
      <Filter>源文件</Filter>
    </None>
  </ItemGroup>
  <ItemGroup>
    <ClInclude Include="d3d9ex\device_ex.hpp">
      <Filter>源文件\d3d9ex</Filter>
    </ClInclude>
    <ClInclude Include="d3d9ex\interface_ex.hpp">
      <Filter>源文件\d3d9ex</Filter>
    </ClInclude>
    <ClInclude Include="stdinc.hpp">
      <Filter>源文件</Filter>
    </ClInclude>
    <ClInclude Include="d3d9\device.hpp">
      <Filter>源文件\d3d9</Filter>
    </ClInclude>
    <ClInclude Include="d3d9\interface.hpp">
      <Filter>源文件\d3d9</Filter>
    </ClInclude>
    <ClInclude Include="d3d9ex\swapchain_ex.hpp">
      <Filter>源文件\d3d9ex</Filter>
    </ClInclude>
  </ItemGroup>
</Project>