<?xml version="1.0" encoding="utf-8"?>
<Project ToolsVersion="4.0" xmlns="http://schemas.microsoft.com/developer/msbuild/2003">
  <ItemGroup>
    <Filter Include="d3d9">
      <UniqueIdentifier>{ee2b4574-c7bd-4d66-a6a6-c3698ba9dae0}</UniqueIdentifier>
    </Filter>
    <Filter Include="d3d9ex">
      <UniqueIdentifier>{4593e015-b111-4d9b-875a-7151ec614421}</UniqueIdentifier>
    </Filter>
    <Filter Include="deps">
      <UniqueIdentifier>{7119091f-4d65-4fd6-9a7a-25534b0c1e38}</UniqueIdentifier>
    </Filter>
    <Filter Include="deps\minhook">
      <UniqueIdentifier>{30c69326-184a-40f7-abb2-15add4d7038b}</UniqueIdentifier>
    </Filter>
    <Filter Include="deps\minhook\hde">
      <UniqueIdentifier>{353a9595-462f-4a7e-ad57-c87b5ff9350d}</UniqueIdentifier>
    </Filter>
    <Filter Include="renderer">
      <UniqueIdentifier>{f2187ba1-5a66-4255-9c39-4fd0355c3a3f}</UniqueIdentifier>
    </Filter>
    <Filter Include="deps\sharedsurface">
      <UniqueIdentifier>{fa7e1cba-09b0-4a4a-9578-b63c250327cf}</UniqueIdentifier>
    </Filter>
  </ItemGroup>
  <ItemGroup>
    <ClCompile Include="d3d9ex\interface_ex.cpp">
      <Filter>d3d9ex</Filter>
    </ClCompile>
    <ClCompile Include="d3d9ex\device_ex.cpp">
      <Filter>d3d9ex</Filter>
    </ClCompile>
    <ClCompile Include="d3d9\interface.cpp">
      <Filter>d3d9</Filter>
    </ClCompile>
    <ClCompile Include="d3d9\device.cpp">
      <Filter>d3d9</Filter>
    </ClCompile>
    <ClCompile Include="d3d9ex\swapchain_ex.cpp">
      <Filter>d3d9ex</Filter>
    </ClCompile>
    <ClCompile Include="main.cpp" />
    <ClCompile Include="deps\minhook\src\buffer.c">
      <Filter>deps\minhook</Filter>
    </ClCompile>
    <ClCompile Include="deps\minhook\src\hook.c">
      <Filter>deps\minhook</Filter>
    </ClCompile>
    <ClCompile Include="deps\minhook\src\trampoline.c">
      <Filter>deps\minhook</Filter>
    </ClCompile>
    <ClCompile Include="deps\minhook\src\hde\hde64.c">
      <Filter>deps\minhook\hde</Filter>
    </ClCompile>
    <ClCompile Include="deps\minhook\src\hde\hde32.c">
      <Filter>deps\minhook\hde</Filter>
    </ClCompile>
    <ClCompile Include="renderer\renderer.cpp">
      <Filter>renderer</Filter>
    </ClCompile>
    <ClCompile Include="deps\SharedSurface\SurfaceDevice10.cpp">
      <Filter>deps\sharedsurface</Filter>
    </ClCompile>
    <ClCompile Include="deps\SharedSurface\SurfaceDevice11.cpp">
      <Filter>deps\sharedsurface</Filter>
    </ClCompile>
    <ClCompile Include="deps\SharedSurface\SurfaceDevice9.cpp">
      <Filter>deps\sharedsurface</Filter>
    </ClCompile>
    <ClCompile Include="deps\SharedSurface\SurfaceQueue.cpp">
      <Filter>deps\sharedsurface</Filter>
    </ClCompile>
  </ItemGroup>
  <ItemGroup>
    <ClInclude Include="d3d9ex\device_ex.hpp">
      <Filter>d3d9ex</Filter>
    </ClInclude>
    <ClInclude Include="d3d9ex\interface_ex.hpp">
      <Filter>d3d9ex</Filter>
    </ClInclude>
    <ClInclude Include="d3d9\device.hpp">
      <Filter>d3d9</Filter>
    </ClInclude>
    <ClInclude Include="d3d9\interface.hpp">
      <Filter>d3d9</Filter>
    </ClInclude>
    <ClInclude Include="d3d9ex\swapchain_ex.hpp">
      <Filter>d3d9ex</Filter>
    </ClInclude>
    <ClInclude Include="stdinc.hpp" />
    <ClInclude Include="deps\minhook\src\buffer.h">
      <Filter>deps\minhook</Filter>
    </ClInclude>
    <ClInclude Include="deps\minhook\src\trampoline.h">
      <Filter>deps\minhook</Filter>
    </ClInclude>
    <ClInclude Include="deps\minhook\src\hde\hde32.h">
      <Filter>deps\minhook\hde</Filter>
    </ClInclude>
    <ClInclude Include="deps\minhook\src\hde\hde64.h">
      <Filter>deps\minhook\hde</Filter>
    </ClInclude>
    <ClInclude Include="deps\minhook\src\hde\pstdint.h">
      <Filter>deps\minhook\hde</Filter>
    </ClInclude>
    <ClInclude Include="deps\minhook\src\hde\table32.h">
      <Filter>deps\minhook\hde</Filter>
    </ClInclude>
    <ClInclude Include="deps\minhook\src\hde\table64.h">
      <Filter>deps\minhook\hde</Filter>
    </ClInclude>
    <ClInclude Include="renderer\renderer.hpp">
      <Filter>renderer</Filter>
    </ClInclude>
    <ClInclude Include="deps\SharedSurface\SurfaceQueue.h">
      <Filter>deps\sharedsurface</Filter>
    </ClInclude>
    <ClInclude Include="deps\SharedSurface\SurfaceQueueImpl.h">
      <Filter>deps\sharedsurface</Filter>
    </ClInclude>
  </ItemGroup>
  <ItemGroup>
    <None Include="exports.def" />
    <None Include="deps\SharedSurface\SurfaceQueue.inl">
      <Filter>deps\sharedsurface</Filter>
    </None>
  </ItemGroup>
</Project>